
Microsoft Visual Studio Solution File, Format Version 12.00
# Visual Studio Version 17
VisualStudioVersion = 17.0.31903.59
MinimumVisualStudioVersion = 10.0.40219.1
Project("{2150E333-8FDC-42A3-9474-1A3956D46DE8}") = "src", "src", "{358DED3F-4540-44E2-993E-AA7BB7E61EE6}"
EndProject
Project("{9A19103F-16F7-4668-BE54-9A1E7A4F7556}") = "SpeechTranslatorConsole", "src\SpeechTranslatorConsole\SpeechTranslatorConsole.csproj", "{CFD1A73A-09D2-46F2-8E34-0247E0D19A5B}"
EndProject
Project("{2150E333-8FDC-42A3-9474-1A3956D46DE8}") = "ソリューション項目", "ソリューション項目", "{21C634C0-C3B6-490D-B9A1-DE462CEA2998}"
	ProjectSection(SolutionItems) = preProject
		.editorconfig = .editorconfig
		.gitignore = .gitignore
		global.json = global.json
		LICENSE = LICENSE
		README.md = README.md
	EndProjectSection
EndProject
Project("{9A19103F-16F7-4668-BE54-9A1E7A4F7556}") = "SpeechTranslatorShared", "src\Shared\SpeechTranslatorShared.csproj", "{FF0262A4-994A-4237-88E4-1049E03E85D3}"
EndProject
Project("{2150E333-8FDC-42A3-9474-1A3956D46DE8}") = "tests", "tests", "{00192D0A-A300-4EA4-A6BA-D193D73004D5}"
EndProject
Project("{9A19103F-16F7-4668-BE54-9A1E7A4F7556}") = "SpeechTranslatorShared.Tests", "tests\Shared.Tests\SpeechTranslatorShared.Tests.csproj", "{EA08923B-519F-40CB-B219-4826FE0954F2}"
EndProject
Project("{2150E333-8FDC-42A3-9474-1A3956D46DE8}") = "infra", "infra", "{29895FE7-AC12-4776-8802-1143D61EE2D8}"
	ProjectSection(SolutionItems) = preProject
		infra\main.bicep = infra\main.bicep
		infra\main.parameters.json = infra\main.parameters.json
	EndProjectSection
EndProject
Project("{FAE04EC0-301F-11D3-BF4B-00C04F79EFBC}") = "SpeechTranslatorDesktop", "src\SpeechTranslatorDesktop\SpeechTranslatorDesktop.csproj", "{1FA5E05D-A0A9-41FD-B882-B0FCFDFED64D}"
EndProject
Global
	GlobalSection(SolutionConfigurationPlatforms) = preSolution
		Debug|Any CPU = Debug|Any CPU
		Release|Any CPU = Release|Any CPU
	EndGlobalSection
	GlobalSection(ProjectConfigurationPlatforms) = postSolution
		{CFD1A73A-09D2-46F2-8E34-0247E0D19A5B}.Debug|Any CPU.ActiveCfg = Debug|Any CPU
		{CFD1A73A-09D2-46F2-8E34-0247E0D19A5B}.Debug|Any CPU.Build.0 = Debug|Any CPU
		{CFD1A73A-09D2-46F2-8E34-0247E0D19A5B}.Release|Any CPU.ActiveCfg = Release|Any CPU
		{CFD1A73A-09D2-46F2-8E34-0247E0D19A5B}.Release|Any CPU.Build.0 = Release|Any CPU
		{FF0262A4-994A-4237-88E4-1049E03E85D3}.Debug|Any CPU.ActiveCfg = Debug|Any CPU
		{FF0262A4-994A-4237-88E4-1049E03E85D3}.Debug|Any CPU.Build.0 = Debug|Any CPU
		{FF0262A4-994A-4237-88E4-1049E03E85D3}.Release|Any CPU.ActiveCfg = Release|Any CPU
		{FF0262A4-994A-4237-88E4-1049E03E85D3}.Release|Any CPU.Build.0 = Release|Any CPU
		{EA08923B-519F-40CB-B219-4826FE0954F2}.Debug|Any CPU.ActiveCfg = Debug|Any CPU
		{EA08923B-519F-40CB-B219-4826FE0954F2}.Debug|Any CPU.Build.0 = Debug|Any CPU
		{EA08923B-519F-40CB-B219-4826FE0954F2}.Release|Any CPU.ActiveCfg = Release|Any CPU
		{EA08923B-519F-40CB-B219-4826FE0954F2}.Release|Any CPU.Build.0 = Release|Any CPU
		{1FA5E05D-A0A9-41FD-B882-B0FCFDFED64D}.Debug|Any CPU.ActiveCfg = Debug|Any CPU
		{1FA5E05D-A0A9-41FD-B882-B0FCFDFED64D}.Debug|Any CPU.Build.0 = Debug|Any CPU
		{1FA5E05D-A0A9-41FD-B882-B0FCFDFED64D}.Release|Any CPU.ActiveCfg = Release|Any CPU
		{1FA5E05D-A0A9-41FD-B882-B0FCFDFED64D}.Release|Any CPU.Build.0 = Release|Any CPU
	EndGlobalSection
	GlobalSection(SolutionProperties) = preSolution
		HideSolutionNode = FALSE
	EndGlobalSection
	GlobalSection(NestedProjects) = preSolution
		{CFD1A73A-09D2-46F2-8E34-0247E0D19A5B} = {358DED3F-4540-44E2-993E-AA7BB7E61EE6}
		{FF0262A4-994A-4237-88E4-1049E03E85D3} = {358DED3F-4540-44E2-993E-AA7BB7E61EE6}
		{EA08923B-519F-40CB-B219-4826FE0954F2} = {00192D0A-A300-4EA4-A6BA-D193D73004D5}
		{1FA5E05D-A0A9-41FD-B882-B0FCFDFED64D} = {358DED3F-4540-44E2-993E-AA7BB7E61EE6}
	EndGlobalSection
	GlobalSection(ExtensibilityGlobals) = postSolution
		SolutionGuid = {2C0686D0-47ED-4A5B-A104-962D1DA98B29}
	EndGlobalSection
EndGlobal
