
Microsoft Visual Studio Solution File, Format Version 12.00
# Visual Studio Version 17
VisualStudioVersion = 17.0.31903.59
MinimumVisualStudioVersion = 10.0.40219.1
Project("{2150E333-8FDC-42A3-9474-1A3956D46DE8}") = "src", "src", "{358DED3F-4540-44E2-993E-AA7BB7E61EE6}"
EndProject
Project("{9A19103F-16F7-4668-BE54-9A1E7A4F7556}") = "SpeechTranslatorConsole", "src\SpeechTranslatorConsole\SpeechTranslatorConsole.csproj", "{CFD1A73A-09D2-46F2-8E34-0247E0D19A5B}"
EndProject
Project("{2150E333-8FDC-42A3-9474-1A3956D46DE8}") = "ソリューション項目", "ソリューション項目", "{21C634C0-C3B6-490D-B9A1-DE462CEA2998}"
	ProjectSection(SolutionItems) = preProject
		.editorconfig = .editorconfig
		.gitignore = .gitignore
		global.json = global.json
		LICENSE = LICENSE
		README.md = README.md
	EndProjectSection
EndProject
Global
	GlobalSection(SolutionConfigurationPlatforms) = preSolution
		Debug|Any CPU = Debug|Any CPU
		Release|Any CPU = Release|Any CPU
	EndGlobalSection
	GlobalSection(ProjectConfigurationPlatforms) = postSolution
		{CFD1A73A-09D2-46F2-8E34-0247E0D19A5B}.Debug|Any CPU.ActiveCfg = Debug|Any CPU
		{CFD1A73A-09D2-46F2-8E34-0247E0D19A5B}.Debug|Any CPU.Build.0 = Debug|Any CPU
		{CFD1A73A-09D2-46F2-8E34-0247E0D19A5B}.Release|Any CPU.ActiveCfg = Release|Any CPU
		{CFD1A73A-09D2-46F2-8E34-0247E0D19A5B}.Release|Any CPU.Build.0 = Release|Any CPU
	EndGlobalSection
	GlobalSection(SolutionProperties) = preSolution
		HideSolutionNode = FALSE
	EndGlobalSection
	GlobalSection(NestedProjects) = preSolution
		{CFD1A73A-09D2-46F2-8E34-0247E0D19A5B} = {358DED3F-4540-44E2-993E-AA7BB7E61EE6}
	EndGlobalSection
EndGlobal
